{
  "requires": true,
  "lockfileVersion": 1,
  "dependencies": {
    "image-tools": {
      "version": "1.2.1",
      "resolved": "https://registry.npm.taobao.org/image-tools/download/image-tools-1.2.1.tgz",
      "integrity": "sha1-4JhvhapE8QKfnYThylEZk0EonUM="
    },
    "jweixin-module": {
      "version": "1.4.1",
      "resolved": "https://registry.npmjs.org/jweixin-module/-/jweixin-module-1.4.1.tgz",
      "integrity": "sha512-2R2oa1lYhAsclfjKSf3DP4ZiP1dcrQUbM7aklbeJA+UAg/LS7MqoA6UbTy1cs4sbB34z62K4bKW0Z9iazD8ejg=="
    },
    "luch-request": {
      "version": "3.0.4",
      "resolved": "https://registry.npm.taobao.org/luch-request/download/luch-request-3.0.4.tgz",
      "integrity": "sha1-XXExRKa/Abl7gSEv9tLAKFXaEcw="
    },
    "uni-request": {
      "version": "1.0.2",
      "resolved": "https://registry.npm.taobao.org/uni-request/download/uni-request-1.0.2.tgz",
      "integrity": "sha1-qidrHobVgi5KdHpIRkiSJ0SH3FI="
    }
  }
}
